
Microsoft Visual Studio Solution File, Format Version 12.00
# Visual Studio Version 17
VisualStudioVersion = 17.0.32126.317
MinimumVisualStudioVersion = 10.0.40219.1
Project("{2150E333-8FDC-42A3-9474-1A3956D46DE8}") = "src", "src", "{502C7BF9-0688-4EB0-ADDE-BE35C207FA89}"
EndProject
Project("{2150E333-8FDC-42A3-9474-1A3956D46DE8}") = "test", "test", "{9C280FDA-A325-4950-B4A6-33CE274C6EC2}"
EndProject
Project("{2150E333-8FDC-42A3-9474-1A3956D46DE8}") = "scripts", "scripts", "{36299EA3-0F57-4055-A034-B5AD529F0758}"
	ProjectSection(SolutionItems) = preProject
		Directory.Build.props = Directory.Build.props
		EPAM.Trainings.ruleset = EPAM.Trainings.ruleset
		nuget.config = nuget.config
		stylecop.json = stylecop.json
	EndProjectSection
EndProject
Project("{00D1A9C2-B5F0-4AF3-8072-F6C62B433612}") = "TicketManagement.Database", "src\TicketManagement.Database\TicketManagement.Database.sqlproj", "{CA8B11A8-5C57-4B30-9F47-BD746FF085E9}"
EndProject
Project("{9A19103F-16F7-4668-BE54-9A1E7A4F7556}") = "TicketManagement.UnitTests", "test\TicketManagement.UnitTests\TicketManagement.UnitTests.csproj", "{CFE11E48-1F94-4211-8575-AD5A22AEC16B}"
EndProject
Project("{9A19103F-16F7-4668-BE54-9A1E7A4F7556}") = "TicketManagement.DataAccess", "src\TicketManagement.DataAccess\TicketManagement.DataAccess.csproj", "{B3C3A030-1814-4DDA-A717-450DB031934A}"
EndProject
Project("{9A19103F-16F7-4668-BE54-9A1E7A4F7556}") = "TicketManagement.IntegrationTests", "test\TicketManagement.IntegrationTests\TicketManagement.IntegrationTests.csproj", "{5AE85D83-54C3-48FD-BB86-0EE15DC1B2C7}"
EndProject
Project("{9A19103F-16F7-4668-BE54-9A1E7A4F7556}") = "TicketManagement.WebApplication", "src\TicketManagement.WebApplication\TicketManagement.WebApplication.csproj", "{EBB82A1D-3128-4245-9B5B-680A1C50DE63}"
EndProject
Project("{9A19103F-16F7-4668-BE54-9A1E7A4F7556}") = "TicketManagement.UserApi", "src\TicketManagement.UserApi\TicketManagement.UserApi.csproj", "{1CEC8A47-36FC-4724-8BAA-FAC04E0E7138}"
EndProject
Project("{9A19103F-16F7-4668-BE54-9A1E7A4F7556}") = "TicketManagement.EventApi", "src\TicketManagement.EventApi\TicketManagement.EventApi.csproj", "{C688F415-7EB9-411C-8879-B6C52429F865}"
EndProject
Project("{9A19103F-16F7-4668-BE54-9A1E7A4F7556}") = "TicketManagement.VenueApi", "src\TicketManagement.VenueApi\TicketManagement.VenueApi.csproj", "{A2863D8F-26A1-4C4C-878E-BBC12286772F}"
EndProject
Project("{9A19103F-16F7-4668-BE54-9A1E7A4F7556}") = "TicketManagement.PurchaseApi", "src\TicketManagement.PurchaseApi\TicketManagement.PurchaseApi.csproj", "{0532276B-48B1-42AB-A540-921E80142BDA}"
EndProject
Project("{9A19103F-16F7-4668-BE54-9A1E7A4F7556}") = "TicketManagement.Core", "src\TicketManagement.Core\TicketManagement.Core.csproj", "{ADDC51D0-7098-43BE-8374-F02CD58E4F4F}"
EndProject
Project("{54A90642-561A-4BB1-A94E-469ADEE60C69}") = "TicketManagement.UI", "src\TicketManagement.UI\TicketManagement.UI.esproj", "{814D6354-C107-46CF-A044-61D0CDD91632}"
EndProject
Global
	GlobalSection(SolutionConfigurationPlatforms) = preSolution
		Debug|Any CPU = Debug|Any CPU
		Release|Any CPU = Release|Any CPU
	EndGlobalSection
	GlobalSection(ProjectConfigurationPlatforms) = postSolution
		{CA8B11A8-5C57-4B30-9F47-BD746FF085E9}.Debug|Any CPU.ActiveCfg = Debug|Any CPU
		{CA8B11A8-5C57-4B30-9F47-BD746FF085E9}.Debug|Any CPU.Build.0 = Debug|Any CPU
		{CA8B11A8-5C57-4B30-9F47-BD746FF085E9}.Debug|Any CPU.Deploy.0 = Debug|Any CPU
		{CA8B11A8-5C57-4B30-9F47-BD746FF085E9}.Release|Any CPU.ActiveCfg = Release|Any CPU
		{CA8B11A8-5C57-4B30-9F47-BD746FF085E9}.Release|Any CPU.Build.0 = Release|Any CPU
		{CA8B11A8-5C57-4B30-9F47-BD746FF085E9}.Release|Any CPU.Deploy.0 = Release|Any CPU
		{CFE11E48-1F94-4211-8575-AD5A22AEC16B}.Debug|Any CPU.ActiveCfg = Debug|Any CPU
		{CFE11E48-1F94-4211-8575-AD5A22AEC16B}.Debug|Any CPU.Build.0 = Debug|Any CPU
		{CFE11E48-1F94-4211-8575-AD5A22AEC16B}.Release|Any CPU.ActiveCfg = Release|Any CPU
		{CFE11E48-1F94-4211-8575-AD5A22AEC16B}.Release|Any CPU.Build.0 = Release|Any CPU
		{B3C3A030-1814-4DDA-A717-450DB031934A}.Debug|Any CPU.ActiveCfg = Debug|Any CPU
		{B3C3A030-1814-4DDA-A717-450DB031934A}.Debug|Any CPU.Build.0 = Debug|Any CPU
		{B3C3A030-1814-4DDA-A717-450DB031934A}.Release|Any CPU.ActiveCfg = Release|Any CPU
		{B3C3A030-1814-4DDA-A717-450DB031934A}.Release|Any CPU.Build.0 = Release|Any CPU
		{5AE85D83-54C3-48FD-BB86-0EE15DC1B2C7}.Debug|Any CPU.ActiveCfg = Debug|Any CPU
		{5AE85D83-54C3-48FD-BB86-0EE15DC1B2C7}.Debug|Any CPU.Build.0 = Debug|Any CPU
		{5AE85D83-54C3-48FD-BB86-0EE15DC1B2C7}.Release|Any CPU.ActiveCfg = Release|Any CPU
		{5AE85D83-54C3-48FD-BB86-0EE15DC1B2C7}.Release|Any CPU.Build.0 = Release|Any CPU
		{EBB82A1D-3128-4245-9B5B-680A1C50DE63}.Debug|Any CPU.ActiveCfg = Debug|Any CPU
		{EBB82A1D-3128-4245-9B5B-680A1C50DE63}.Debug|Any CPU.Build.0 = Debug|Any CPU
		{EBB82A1D-3128-4245-9B5B-680A1C50DE63}.Release|Any CPU.ActiveCfg = Release|Any CPU
		{EBB82A1D-3128-4245-9B5B-680A1C50DE63}.Release|Any CPU.Build.0 = Release|Any CPU
		{1CEC8A47-36FC-4724-8BAA-FAC04E0E7138}.Debug|Any CPU.ActiveCfg = Debug|Any CPU
		{1CEC8A47-36FC-4724-8BAA-FAC04E0E7138}.Debug|Any CPU.Build.0 = Debug|Any CPU
		{1CEC8A47-36FC-4724-8BAA-FAC04E0E7138}.Release|Any CPU.ActiveCfg = Release|Any CPU
		{1CEC8A47-36FC-4724-8BAA-FAC04E0E7138}.Release|Any CPU.Build.0 = Release|Any CPU
		{C688F415-7EB9-411C-8879-B6C52429F865}.Debug|Any CPU.ActiveCfg = Debug|Any CPU
		{C688F415-7EB9-411C-8879-B6C52429F865}.Debug|Any CPU.Build.0 = Debug|Any CPU
		{C688F415-7EB9-411C-8879-B6C52429F865}.Release|Any CPU.ActiveCfg = Release|Any CPU
		{C688F415-7EB9-411C-8879-B6C52429F865}.Release|Any CPU.Build.0 = Release|Any CPU
		{A2863D8F-26A1-4C4C-878E-BBC12286772F}.Debug|Any CPU.ActiveCfg = Debug|Any CPU
		{A2863D8F-26A1-4C4C-878E-BBC12286772F}.Debug|Any CPU.Build.0 = Debug|Any CPU
		{A2863D8F-26A1-4C4C-878E-BBC12286772F}.Release|Any CPU.ActiveCfg = Release|Any CPU
		{A2863D8F-26A1-4C4C-878E-BBC12286772F}.Release|Any CPU.Build.0 = Release|Any CPU
		{0532276B-48B1-42AB-A540-921E80142BDA}.Debug|Any CPU.ActiveCfg = Debug|Any CPU
		{0532276B-48B1-42AB-A540-921E80142BDA}.Debug|Any CPU.Build.0 = Debug|Any CPU
		{0532276B-48B1-42AB-A540-921E80142BDA}.Release|Any CPU.ActiveCfg = Release|Any CPU
		{0532276B-48B1-42AB-A540-921E80142BDA}.Release|Any CPU.Build.0 = Release|Any CPU
		{ADDC51D0-7098-43BE-8374-F02CD58E4F4F}.Debug|Any CPU.ActiveCfg = Debug|Any CPU
		{ADDC51D0-7098-43BE-8374-F02CD58E4F4F}.Debug|Any CPU.Build.0 = Debug|Any CPU
		{ADDC51D0-7098-43BE-8374-F02CD58E4F4F}.Release|Any CPU.ActiveCfg = Release|Any CPU
		{ADDC51D0-7098-43BE-8374-F02CD58E4F4F}.Release|Any CPU.Build.0 = Release|Any CPU
		{814D6354-C107-46CF-A044-61D0CDD91632}.Debug|Any CPU.ActiveCfg = Debug|Any CPU
		{814D6354-C107-46CF-A044-61D0CDD91632}.Debug|Any CPU.Build.0 = Debug|Any CPU
		{814D6354-C107-46CF-A044-61D0CDD91632}.Debug|Any CPU.Deploy.0 = Debug|Any CPU
		{814D6354-C107-46CF-A044-61D0CDD91632}.Release|Any CPU.ActiveCfg = Release|Any CPU
		{814D6354-C107-46CF-A044-61D0CDD91632}.Release|Any CPU.Build.0 = Release|Any CPU
		{814D6354-C107-46CF-A044-61D0CDD91632}.Release|Any CPU.Deploy.0 = Release|Any CPU
	EndGlobalSection
	GlobalSection(SolutionProperties) = preSolution
		HideSolutionNode = FALSE
	EndGlobalSection
	GlobalSection(NestedProjects) = preSolution
		{CA8B11A8-5C57-4B30-9F47-BD746FF085E9} = {502C7BF9-0688-4EB0-ADDE-BE35C207FA89}
		{CFE11E48-1F94-4211-8575-AD5A22AEC16B} = {9C280FDA-A325-4950-B4A6-33CE274C6EC2}
		{B3C3A030-1814-4DDA-A717-450DB031934A} = {502C7BF9-0688-4EB0-ADDE-BE35C207FA89}
		{5AE85D83-54C3-48FD-BB86-0EE15DC1B2C7} = {9C280FDA-A325-4950-B4A6-33CE274C6EC2}
		{EBB82A1D-3128-4245-9B5B-680A1C50DE63} = {502C7BF9-0688-4EB0-ADDE-BE35C207FA89}
		{1CEC8A47-36FC-4724-8BAA-FAC04E0E7138} = {502C7BF9-0688-4EB0-ADDE-BE35C207FA89}
		{C688F415-7EB9-411C-8879-B6C52429F865} = {502C7BF9-0688-4EB0-ADDE-BE35C207FA89}
		{A2863D8F-26A1-4C4C-878E-BBC12286772F} = {502C7BF9-0688-4EB0-ADDE-BE35C207FA89}
		{0532276B-48B1-42AB-A540-921E80142BDA} = {502C7BF9-0688-4EB0-ADDE-BE35C207FA89}
		{ADDC51D0-7098-43BE-8374-F02CD58E4F4F} = {502C7BF9-0688-4EB0-ADDE-BE35C207FA89}
		{814D6354-C107-46CF-A044-61D0CDD91632} = {502C7BF9-0688-4EB0-ADDE-BE35C207FA89}
	EndGlobalSection
	GlobalSection(ExtensibilityGlobals) = postSolution
		SolutionGuid = {8FCBA386-043C-4C32-82A6-14ABB78C7FEC}
	EndGlobalSection
EndGlobal
